
Microsoft Visual Studio Solution File, Format Version 12.00
# Visual Studio Version 17
VisualStudioVersion = 17.8.34330.188
MinimumVisualStudioVersion = 10.0.40219.1
Project("{FAE04EC0-301F-11D3-BF4B-00C04F79EFBC}") = "winform-app", "TPFinalNivel2_Gauna\winform-app.csproj", "{9D91AF13-413A-4B6D-BFB0-4C0B315A4F62}"
EndProject
Project("{FAE04EC0-301F-11D3-BF4B-00C04F79EFBC}") = "dominio", "dominio\dominio.csproj", "{B912019A-1554-4DC3-B581-08045B7DA4F2}"
EndProject
Project("{FAE04EC0-301F-11D3-BF4B-00C04F79EFBC}") = "negocio", "negocio\negocio.csproj", "{C0E26C1B-1F93-4D6F-BCEA-F3877E721043}"
EndProject
Global
	GlobalSection(SolutionConfigurationPlatforms) = preSolution
		Debug|Any CPU = Debug|Any CPU
		Release|Any CPU = Release|Any CPU
	EndGlobalSection
	GlobalSection(ProjectConfigurationPlatforms) = postSolution
		{9D91AF13-413A-4B6D-BFB0-4C0B315A4F62}.Debug|Any CPU.ActiveCfg = Debug|Any CPU
		{9D91AF13-413A-4B6D-BFB0-4C0B315A4F62}.Debug|Any CPU.Build.0 = Debug|Any CPU
		{9D91AF13-413A-4B6D-BFB0-4C0B315A4F62}.Release|Any CPU.ActiveCfg = Release|Any CPU
		{9D91AF13-413A-4B6D-BFB0-4C0B315A4F62}.Release|Any CPU.Build.0 = Release|Any CPU
		{B912019A-1554-4DC3-B581-08045B7DA4F2}.Debug|Any CPU.ActiveCfg = Debug|Any CPU
		{B912019A-1554-4DC3-B581-08045B7DA4F2}.Debug|Any CPU.Build.0 = Debug|Any CPU
		{B912019A-1554-4DC3-B581-08045B7DA4F2}.Release|Any CPU.ActiveCfg = Release|Any CPU
		{B912019A-1554-4DC3-B581-08045B7DA4F2}.Release|Any CPU.Build.0 = Release|Any CPU
		{C0E26C1B-1F93-4D6F-BCEA-F3877E721043}.Debug|Any CPU.ActiveCfg = Debug|Any CPU
		{C0E26C1B-1F93-4D6F-BCEA-F3877E721043}.Debug|Any CPU.Build.0 = Debug|Any CPU
		{C0E26C1B-1F93-4D6F-BCEA-F3877E721043}.Release|Any CPU.ActiveCfg = Release|Any CPU
		{C0E26C1B-1F93-4D6F-BCEA-F3877E721043}.Release|Any CPU.Build.0 = Release|Any CPU
	EndGlobalSection
	GlobalSection(SolutionProperties) = preSolution
		HideSolutionNode = FALSE
	EndGlobalSection
	GlobalSection(ExtensibilityGlobals) = postSolution
		SolutionGuid = {446B5B14-C8A8-4E50-9F65-D1A82403FC82}
	EndGlobalSection
EndGlobal
